// !$*UTF8*$!
{
	archiveVersion = 1;
	classes = {
	};
	objectVersion = 46;
	objects = {

/* Begin PBXBuildFile section */
		8DB2AC141EED94AE00D02009 /* AppDelegate.swift in Sources */ = {isa = PBXBuildFile; fileRef = 8DB2AC131EED94AE00D02009 /* AppDelegate.swift */; };
		8DB2AC161EED94AE00D02009 /* MainViewController.swift in Sources */ = {isa = PBXBuildFile; fileRef = 8DB2AC151EED94AE00D02009 /* MainViewController.swift */; };
		8DB2AC191EED94AE00D02009 /* Main.storyboard in Resources */ = {isa = PBXBuildFile; fileRef = 8DB2AC171EED94AE00D02009 /* Main.storyboard */; };
		8DB2AC1B1EED94AE00D02009 /* Assets.xcassets in Resources */ = {isa = PBXBuildFile; fileRef = 8DB2AC1A1EED94AE00D02009 /* Assets.xcassets */; };
		8DB2AC1E1EED94AE00D02009 /* LaunchScreen.storyboard in Resources */ = {isa = PBXBuildFile; fileRef = 8DB2AC1C1EED94AE00D02009 /* LaunchScreen.storyboard */; };
		8DB2AC271EED954000D02009 /* StoryboardDesignable.swift in Sources */ = {isa = PBXBuildFile; fileRef = 8DB2AC261EED954000D02009 /* StoryboardDesignable.swift */; };
		8DB2AC2A1EED998800D02009 /* BlueViewController.swift in Sources */ = {isa = PBXBuildFile; fileRef = 8DB2AC291EED998800D02009 /* BlueViewController.swift */; };
		8DB2AC2C1EEDA07400D02009 /* Second.storyboard in Resources */ = {isa = PBXBuildFile; fileRef = 8DB2AC2B1EEDA07400D02009 /* Second.storyboard */; };
		8DB2AC2E1EEDA0B100D02009 /* RedViewController.swift in Sources */ = {isa = PBXBuildFile; fileRef = 8DB2AC2D1EEDA0B100D02009 /* RedViewController.swift */; };
		8DB2AC301EEDA33F00D02009 /* YellowViewController.swift in Sources */ = {isa = PBXBuildFile; fileRef = 8DB2AC2F1EEDA33F00D02009 /* YellowViewController.swift */; };
/* End PBXBuildFile section */

/* Begin PBXFileReference section */
		8DB2AC101EED94AE00D02009 /* StoryboardDesignable.app */ = {isa = PBXFileReference; explicitFileType = wrapper.application; includeInIndex = 0; path = StoryboardDesignable.app; sourceTree = BUILT_PRODUCTS_DIR; };
		8DB2AC131EED94AE00D02009 /* AppDelegate.swift */ = {isa = PBXFileReference; lastKnownFileType = sourcecode.swift; path = AppDelegate.swift; sourceTree = "<group>"; };
		8DB2AC151EED94AE00D02009 /* MainViewController.swift */ = {isa = PBXFileReference; lastKnownFileType = sourcecode.swift; path = MainViewController.swift; sourceTree = "<group>"; };
		8DB2AC181EED94AE00D02009 /* Base */ = {isa = PBXFileReference; lastKnownFileType = file.storyboard; name = Base; path = Base.lproj/Main.storyboard; sourceTree = "<group>"; };
		8DB2AC1A1EED94AE00D02009 /* Assets.xcassets */ = {isa = PBXFileReference; lastKnownFileType = folder.assetcatalog; path = Assets.xcassets; sourceTree = "<group>"; };
		8DB2AC1D1EED94AE00D02009 /* Base */ = {isa = PBXFileReference; lastKnownFileType = file.storyboard; name = Base; path = Base.lproj/LaunchScreen.storyboard; sourceTree = "<group>"; };
		8DB2AC1F1EED94AE00D02009 /* Info.plist */ = {isa = PBXFileReference; lastKnownFileType = text.plist.xml; path = Info.plist; sourceTree = "<group>"; };
		8DB2AC261EED954000D02009 /* StoryboardDesignable.swift */ = {isa = PBXFileReference; fileEncoding = 4; lastKnownFileType = sourcecode.swift; path = StoryboardDesignable.swift; sourceTree = "<group>"; };
		8DB2AC291EED998800D02009 /* BlueViewController.swift */ = {isa = PBXFileReference; fileEncoding = 4; lastKnownFileType = sourcecode.swift; path = BlueViewController.swift; sourceTree = "<group>"; };
		8DB2AC2B1EEDA07400D02009 /* Second.storyboard */ = {isa = PBXFileReference; fileEncoding = 4; lastKnownFileType = file.storyboard; path = Second.storyboard; sourceTree = "<group>"; };
		8DB2AC2D1EEDA0B100D02009 /* RedViewController.swift */ = {isa = PBXFileReference; fileEncoding = 4; lastKnownFileType = sourcecode.swift; path = RedViewController.swift; sourceTree = "<group>"; };
		8DB2AC2F1EEDA33F00D02009 /* YellowViewController.swift */ = {isa = PBXFileReference; fileEncoding = 4; lastKnownFileType = sourcecode.swift; path = YellowViewController.swift; sourceTree = "<group>"; };
/* End PBXFileReference section */

/* Begin PBXFrameworksBuildPhase section */
		8DB2AC0D1EED94AE00D02009 /* Frameworks */ = {
			isa = PBXFrameworksBuildPhase;
			buildActionMask = 2147483647;
			files = (
			);
			runOnlyForDeploymentPostprocessing = 0;
		};
/* End PBXFrameworksBuildPhase section */

/* Begin PBXGroup section */
		8DB2AC071EED94AE00D02009 = {
			isa = PBXGroup;
			children = (
				8DB2AC121EED94AE00D02009 /* Example */,
				8DB2AC281EED956F00D02009 /* StoryboardDesignable */,
				8DB2AC111EED94AE00D02009 /* Products */,
			);
			sourceTree = "<group>";
		};
		8DB2AC111EED94AE00D02009 /* Products */ = {
			isa = PBXGroup;
			children = (
				8DB2AC101EED94AE00D02009 /* StoryboardDesignable.app */,
			);
			name = Products;
			sourceTree = "<group>";
		};
		8DB2AC121EED94AE00D02009 /* Example */ = {
			isa = PBXGroup;
			children = (
				8DB2AC131EED94AE00D02009 /* AppDelegate.swift */,
				8DB2AC151EED94AE00D02009 /* MainViewController.swift */,
				8DB2AC291EED998800D02009 /* BlueViewController.swift */,
				8DB2AC2D1EEDA0B100D02009 /* RedViewController.swift */,
				8DB2AC2F1EEDA33F00D02009 /* YellowViewController.swift */,
				8DB2AC171EED94AE00D02009 /* Main.storyboard */,
				8DB2AC2B1EEDA07400D02009 /* Second.storyboard */,
				8DB2AC1C1EED94AE00D02009 /* LaunchScreen.storyboard */,
				8DB2AC1A1EED94AE00D02009 /* Assets.xcassets */,
				8DB2AC1F1EED94AE00D02009 /* Info.plist */,
			);
			name = Example;
			path = StoryboardDesignable;
			sourceTree = "<group>";
		};
		8DB2AC281EED956F00D02009 /* StoryboardDesignable */ = {
			isa = PBXGroup;
			children = (
				8DB2AC261EED954000D02009 /* StoryboardDesignable.swift */,
			);
			name = StoryboardDesignable;
			sourceTree = "<group>";
		};
/* End PBXGroup section */

/* Begin PBXNativeTarget section */
		8DB2AC0F1EED94AE00D02009 /* StoryboardDesignable */ = {
			isa = PBXNativeTarget;
			buildConfigurationList = 8DB2AC221EED94AE00D02009 /* Build configuration list for PBXNativeTarget "StoryboardDesignable" */;
			buildPhases = (
				8DB2AC0C1EED94AE00D02009 /* Sources */,
				8DB2AC0D1EED94AE00D02009 /* Frameworks */,
				8DB2AC0E1EED94AE00D02009 /* Resources */,
			);
			buildRules = (
			);
			dependencies = (
			);
			name = StoryboardDesignable;
			productName = StoryboardDesignable;
			productReference = 8DB2AC101EED94AE00D02009 /* StoryboardDesignable.app */;
			productType = "com.apple.product-type.application";
		};
/* End PBXNativeTarget section */

/* Begin PBXProject section */
		8DB2AC081EED94AE00D02009 /* Project object */ = {
			isa = PBXProject;
			attributes = {
				LastSwiftUpdateCheck = 0830;
				LastUpgradeCheck = 0830;
				ORGANIZATIONNAME = Javan;
				TargetAttributes = {
					8DB2AC0F1EED94AE00D02009 = {
						CreatedOnToolsVersion = 8.3.3;
						DevelopmentTeam = 5332NKLEL7;
						ProvisioningStyle = Automatic;
					};
				};
			};
			buildConfigurationList = 8DB2AC0B1EED94AE00D02009 /* Build configuration list for PBXProject "StoryboardDesignable" */;
			compatibilityVersion = "Xcode 3.2";
			developmentRegion = English;
			hasScannedForEncodings = 0;
			knownRegions = (
				en,
				Base,
			);
			mainGroup = 8DB2AC071EED94AE00D02009;
			productRefGroup = 8DB2AC111EED94AE00D02009 /* Products */;
			projectDirPath = "";
			projectRoot = "";
			targets = (
				8DB2AC0F1EED94AE00D02009 /* StoryboardDesignable */,
			);
		};
/* End PBXProject section */

/* Begin PBXResourcesBuildPhase section */
		8DB2AC0E1EED94AE00D02009 /* Resources */ = {
			isa = PBXResourcesBuildPhase;
			buildActionMask = 2147483647;
			files = (
				8DB2AC2C1EEDA07400D02009 /* Second.storyboard in Resources */,
				8DB2AC1E1EED94AE00D02009 /* LaunchScreen.storyboard in Resources */,
				8DB2AC1B1EED94AE00D02009 /* Assets.xcassets in Resources */,
				8DB2AC191EED94AE00D02009 /* Main.storyboard in Resources */,
			);
			runOnlyForDeploymentPostprocessing = 0;
		};
/* End PBXResourcesBuildPhase section */

/* Begin PBXSourcesBuildPhase section */
		8DB2AC0C1EED94AE00D02009 /* Sources */ = {
			isa = PBXSourcesBuildPhase;
			buildActionMask = 2147483647;
			files = (
				8DB2AC2E1EEDA0B100D02009 /* RedViewController.swift in Sources */,
				8DB2AC271EED954000D02009 /* StoryboardDesignable.swift in Sources */,
				8DB2AC161EED94AE00D02009 /* MainViewController.swift in Sources */,
				8DB2AC2A1EED998800D02009 /* BlueViewController.swift in Sources */,
				8DB2AC301EEDA33F00D02009 /* YellowViewController.swift in Sources */,
				8DB2AC141EED94AE00D02009 /* AppDelegate.swift in Sources */,
			);
			runOnlyForDeploymentPostprocessing = 0;
		};
/* End PBXSourcesBuildPhase section */

/* Begin PBXVariantGroup section */
		8DB2AC171EED94AE00D02009 /* Main.storyboard */ = {
			isa = PBXVariantGroup;
			children = (
				8DB2AC181EED94AE00D02009 /* Base */,
			);
			name = Main.storyboard;
			sourceTree = "<group>";
		};
		8DB2AC1C1EED94AE00D02009 /* LaunchScreen.storyboard */ = {
			isa = PBXVariantGroup;
			children = (
				8DB2AC1D1EED94AE00D02009 /* Base */,
			);
			name = LaunchScreen.storyboard;
			sourceTree = "<group>";
		};
/* End PBXVariantGroup section */

/* Begin XCBuildConfiguration section */
		8DB2AC201EED94AE00D02009 /* Debug */ = {
			isa = XCBuildConfiguration;
			buildSettings = {
				ALWAYS_SEARCH_USER_PATHS = NO;
				CLANG_ANALYZER_NONNULL = YES;
				CLANG_ANALYZER_NUMBER_OBJECT_CONVERSION = YES_AGGRESSIVE;
				CLANG_CXX_LANGUAGE_STANDARD = "gnu++0x";
				CLANG_CXX_LIBRARY = "libc++";
				CLANG_ENABLE_MODULES = YES;
				CLANG_ENABLE_OBJC_ARC = YES;
				CLANG_WARN_BOOL_CONVERSION = YES;
				CLANG_WARN_CONSTANT_CONVERSION = YES;
				CLANG_WARN_DIRECT_OBJC_ISA_USAGE = YES_ERROR;
				CLANG_WARN_DOCUMENTATION_COMMENTS = YES;
				CLANG_WARN_EMPTY_BODY = YES;
				CLANG_WARN_ENUM_CONVERSION = YES;
				CLANG_WARN_INFINITE_RECURSION = YES;
				CLANG_WARN_INT_CONVERSION = YES;
				CLANG_WARN_OBJC_ROOT_CLASS = YES_ERROR;
				CLANG_WARN_SUSPICIOUS_MOVE = YES;
				CLANG_WARN_UNREACHABLE_CODE = YES;
				CLANG_WARN__DUPLICATE_METHOD_MATCH = YES;
				"CODE_SIGN_IDENTITY[sdk=iphoneos*]" = "iPhone Developer";
				COPY_PHASE_STRIP = NO;
				DEBUG_INFORMATION_FORMAT = dwarf;
				ENABLE_STRICT_OBJC_MSGSEND = YES;
				ENABLE_TESTABILITY = YES;
				GCC_C_LANGUAGE_STANDARD = gnu99;
				GCC_DYNAMIC_NO_PIC = NO;
				GCC_NO_COMMON_BLOCKS = YES;
				GCC_OPTIMIZATION_LEVEL = 0;
				GCC_PREPROCESSOR_DEFINITIONS = (
					"DEBUG=1",
					"$(inherited)",
				);
				GCC_WARN_64_TO_32_BIT_CONVERSION = YES;
				GCC_WARN_ABOUT_RETURN_TYPE = YES_ERROR;
				GCC_WARN_UNDECLARED_SELECTOR = YES;
				GCC_WARN_UNINITIALIZED_AUTOS = YES_AGGRESSIVE;
				GCC_WARN_UNUSED_FUNCTION = YES;
				GCC_WARN_UNUSED_VARIABLE = YES;
				IPHONEOS_DEPLOYMENT_TARGET = 10.3;
				MTL_ENABLE_DEBUG_INFO = YES;
				ONLY_ACTIVE_ARCH = YES;
				SDKROOT = iphoneos;
				SWIFT_ACTIVE_COMPILATION_CONDITIONS = DEBUG;
				SWIFT_OPTIMIZATION_LEVEL = "-Onone";
				TARGETED_DEVICE_FAMILY = "1,2";
			};
			name = Debug;
		};
		8DB2AC211EED94AE00D02009 /* Release */ = {
			isa = XCBuildConfiguration;
			buildSettings = {
				ALWAYS_SEARCH_USER_PATHS = NO;
				CLANG_ANALYZER_NONNULL = YES;
				CLANG_ANALYZER_NUMBER_OBJECT_CONVERSION = YES_AGGRESSIVE;
				CLANG_CXX_LANGUAGE_STANDARD = "gnu++0x";
				CLANG_CXX_LIBRARY = "libc++";
				CLANG_ENABLE_MODULES = YES;
				CLANG_ENABLE_OBJC_ARC = YES;
				CLANG_WARN_BOOL_CONVERSION = YES;
				CLANG_WARN_CONSTANT_CONVERSION = YES;
				CLANG_WARN_DIRECT_OBJC_ISA_USAGE = YES_ERROR;
				CLANG_WARN_DOCUMENTATION_COMMENTS = YES;
				CLANG_WARN_EMPTY_BODY = YES;
				CLANG_WARN_ENUM_CONVERSION = YES;
				CLANG_WARN_INFINITE_RECURSION = YES;
				CLANG_WARN_INT_CONVERSION = YES;
				CLANG_WARN_OBJC_ROOT_CLASS = YES_ERROR;
				CLANG_WARN_SUSPICIOUS_MOVE = YES;
				CLANG_WARN_UNREACHABLE_CODE = YES;
				CLANG_WARN__DUPLICATE_METHOD_MATCH = YES;
				"CODE_SIGN_IDENTITY[sdk=iphoneos*]" = "iPhone Developer";
				COPY_PHASE_STRIP = NO;
				DEBUG_INFORMATION_FORMAT = "dwarf-with-dsym";
				ENABLE_NS_ASSERTIONS = NO;
				ENABLE_STRICT_OBJC_MSGSEND = YES;
				GCC_C_LANGUAGE_STANDARD = gnu99;
				GCC_NO_COMMON_BLOCKS = YES;
				GCC_WARN_64_TO_32_BIT_CONVERSION = YES;
				GCC_WARN_ABOUT_RETURN_TYPE = YES_ERROR;
				GCC_WARN_UNDECLARED_SELECTOR = YES;
				GCC_WARN_UNINITIALIZED_AUTOS = YES_AGGRESSIVE;
				GCC_WARN_UNUSED_FUNCTION = YES;
				GCC_WARN_UNUSED_VARIABLE = YES;
				IPHONEOS_DEPLOYMENT_TARGET = 10.3;
				MTL_ENABLE_DEBUG_INFO = NO;
				SDKROOT = iphoneos;
				SWIFT_OPTIMIZATION_LEVEL = "-Owholemodule";
				TARGETED_DEVICE_FAMILY = "1,2";
				VALIDATE_PRODUCT = YES;
			};
			name = Release;
		};
		8DB2AC231EED94AE00D02009 /* Debug */ = {
			isa = XCBuildConfiguration;
			buildSettings = {
				ASSETCATALOG_COMPILER_APPICON_NAME = AppIcon;
				DEVELOPMENT_TEAM = 5332NKLEL7;
				INFOPLIST_FILE = StoryboardDesignable/Info.plist;
				LD_RUNPATH_SEARCH_PATHS = "$(inherited) @executable_path/Frameworks";
				PRODUCT_BUNDLE_IDENTIFIER = com.JavanChen.StoryboardDesignable;
				PRODUCT_NAME = "$(TARGET_NAME)";
				SWIFT_VERSION = 3.0;
			};
			name = Debug;
		};
		8DB2AC241EED94AE00D02009 /* Release */ = {
			isa = XCBuildConfiguration;
			buildSettings = {
				ASSETCATALOG_COMPILER_APPICON_NAME = AppIcon;
				DEVELOPMENT_TEAM = 5332NKLEL7;
				INFOPLIST_FILE = StoryboardDesignable/Info.plist;
				LD_RUNPATH_SEARCH_PATHS = "$(inherited) @executable_path/Frameworks";
				PRODUCT_BUNDLE_IDENTIFIER = com.JavanChen.StoryboardDesignable;
				PRODUCT_NAME = "$(TARGET_NAME)";
				SWIFT_VERSION = 3.0;
			};
			name = Release;
		};
/* End XCBuildConfiguration section */

/* Begin XCConfigurationList section */
		8DB2AC0B1EED94AE00D02009 /* Build configuration list for PBXProject "StoryboardDesignable" */ = {
			isa = XCConfigurationList;
			buildConfigurations = (
				8DB2AC201EED94AE00D02009 /* Debug */,
				8DB2AC211EED94AE00D02009 /* Release */,
			);
			defaultConfigurationIsVisible = 0;
			defaultConfigurationName = Release;
		};
		8DB2AC221EED94AE00D02009 /* Build configuration list for PBXNativeTarget "StoryboardDesignable" */ = {
			isa = XCConfigurationList;
			buildConfigurations = (
				8DB2AC231EED94AE00D02009 /* Debug */,
				8DB2AC241EED94AE00D02009 /* Release */,
			);
			defaultConfigurationIsVisible = 0;
			defaultConfigurationName = Release;
		};
/* End XCConfigurationList section */
	};
	rootObject = 8DB2AC081EED94AE00D02009 /* Project object */;
}
